
Microsoft Visual Studio Solution File, Format Version 12.00
# Visual Studio Version 17
VisualStudioVersion = 17.13.35919.96 d17.13
MinimumVisualStudioVersion = 10.0.40219.1
Project("{FAE04EC0-301F-11D3-BF4B-00C04F79EFBC}") = "HotelManagement", "HotelManagement\HotelManagement.csproj", "{D5CE575A-660A-4E13-B627-63D7F0A7D04B}"
EndProject
Global
	GlobalSection(SolutionConfigurationPlatforms) = preSolution
		Debug|Any CPU = Debug|Any CPU
		Release|Any CPU = Release|Any CPU
	EndGlobalSection
	GlobalSection(ProjectConfigurationPlatforms) = postSolution
		{D5CE575A-660A-4E13-B627-63D7F0A7D04B}.Debug|Any CPU.ActiveCfg = Debug|Any CPU
		{D5CE575A-660A-4E13-B627-63D7F0A7D04B}.Debug|Any CPU.Build.0 = Debug|Any CPU
		{D5CE575A-660A-4E13-B627-63D7F0A7D04B}.Release|Any CPU.ActiveCfg = Release|Any CPU
		{D5CE575A-660A-4E13-B627-63D7F0A7D04B}.Release|Any CPU.Build.0 = Release|Any CPU
	EndGlobalSection
	GlobalSection(SolutionProperties) = preSolution
		HideSolutionNode = FALSE
	EndGlobalSection
	GlobalSection(ExtensibilityGlobals) = postSolution
		SolutionGuid = {7535F118-7648-4A9E-B0BA-5BD5533BAE3C}
	EndGlobalSection
EndGlobal
